
Microsoft Visual Studio Solution File, Format Version 12.00
Project("{FAE04EC0-301F-11D3-BF4B-00C04F79EFBC}") = "Kkommon", "src\Kkommon\Kkommon.csproj", "{126C5B2B-7277-419D-8E4B-CFB04BB0460A}"
EndProject
Project("{FAE04EC0-301F-11D3-BF4B-00C04F79EFBC}") = "Kkommon.UnitTests", "tests\Kkommon.UnitTests\Kkommon.UnitTests.csproj", "{599C5F00-7BA1-4EC7-9991-C792F0A35E59}"
EndProject
Global
	GlobalSection(SolutionConfigurationPlatforms) = preSolution
		Debug|Any CPU = Debug|Any CPU
		Release|Any CPU = Release|Any CPU
	EndGlobalSection
	GlobalSection(ProjectConfigurationPlatforms) = postSolution
		{126C5B2B-7277-419D-8E4B-CFB04BB0460A}.Debug|Any CPU.ActiveCfg = Debug|Any CPU
		{126C5B2B-7277-419D-8E4B-CFB04BB0460A}.Debug|Any CPU.Build.0 = Debug|Any CPU
		{126C5B2B-7277-419D-8E4B-CFB04BB0460A}.Release|Any CPU.ActiveCfg = Release|Any CPU
		{126C5B2B-7277-419D-8E4B-CFB04BB0460A}.Release|Any CPU.Build.0 = Release|Any CPU
		{599C5F00-7BA1-4EC7-9991-C792F0A35E59}.Debug|Any CPU.ActiveCfg = Debug|Any CPU
		{599C5F00-7BA1-4EC7-9991-C792F0A35E59}.Debug|Any CPU.Build.0 = Debug|Any CPU
		{599C5F00-7BA1-4EC7-9991-C792F0A35E59}.Release|Any CPU.ActiveCfg = Release|Any CPU
		{599C5F00-7BA1-4EC7-9991-C792F0A35E59}.Release|Any CPU.Build.0 = Release|Any CPU
	EndGlobalSection
EndGlobal
